
Microsoft Visual Studio Solution File, Format Version 12.00
# Visual Studio 15
VisualStudioVersion = 15.0.28307.960
MinimumVisualStudioVersion = 10.0.40219.1
Project("{FAE04EC0-301F-11D3-BF4B-00C04F79EFBC}") = "CollectionDemo", "CollectionDemo\CollectionDemo.csproj", "{0CE361F7-08FF-4A37-95A4-76A5510B0E8C}"
EndProject
Project("{FAE04EC0-301F-11D3-BF4B-00C04F79EFBC}") = "CollectionPractice", "CollectionPractice\CollectionPractice.csproj", "{0469723F-46AF-48F5-B320-70363C600FAC}"
EndProject
Project("{FAE04EC0-301F-11D3-BF4B-00C04F79EFBC}") = "CustomCollection", "CustomCollection\CustomCollection.csproj", "{42321F2F-FEDF-4673-9240-5CB6AFF77457}"
EndProject
Global
	GlobalSection(SolutionConfigurationPlatforms) = preSolution
		Debug|Any CPU = Debug|Any CPU
		Release|Any CPU = Release|Any CPU
	EndGlobalSection
	GlobalSection(ProjectConfigurationPlatforms) = postSolution
		{0CE361F7-08FF-4A37-95A4-76A5510B0E8C}.Debug|Any CPU.ActiveCfg = Debug|Any CPU
		{0CE361F7-08FF-4A37-95A4-76A5510B0E8C}.Debug|Any CPU.Build.0 = Debug|Any CPU
		{0CE361F7-08FF-4A37-95A4-76A5510B0E8C}.Release|Any CPU.ActiveCfg = Release|Any CPU
		{0CE361F7-08FF-4A37-95A4-76A5510B0E8C}.Release|Any CPU.Build.0 = Release|Any CPU
		{0469723F-46AF-48F5-B320-70363C600FAC}.Debug|Any CPU.ActiveCfg = Debug|Any CPU
		{0469723F-46AF-48F5-B320-70363C600FAC}.Debug|Any CPU.Build.0 = Debug|Any CPU
		{0469723F-46AF-48F5-B320-70363C600FAC}.Release|Any CPU.ActiveCfg = Release|Any CPU
		{0469723F-46AF-48F5-B320-70363C600FAC}.Release|Any CPU.Build.0 = Release|Any CPU
		{42321F2F-FEDF-4673-9240-5CB6AFF77457}.Debug|Any CPU.ActiveCfg = Debug|Any CPU
		{42321F2F-FEDF-4673-9240-5CB6AFF77457}.Debug|Any CPU.Build.0 = Debug|Any CPU
		{42321F2F-FEDF-4673-9240-5CB6AFF77457}.Release|Any CPU.ActiveCfg = Release|Any CPU
		{42321F2F-FEDF-4673-9240-5CB6AFF77457}.Release|Any CPU.Build.0 = Release|Any CPU
	EndGlobalSection
	GlobalSection(SolutionProperties) = preSolution
		HideSolutionNode = FALSE
	EndGlobalSection
	GlobalSection(ExtensibilityGlobals) = postSolution
		SolutionGuid = {F5CD0D20-7B27-4949-94AD-198086897797}
	EndGlobalSection
EndGlobal
