
Microsoft Visual Studio Solution File, Format Version 12.00
# Visual Studio 15
VisualStudioVersion = 15.0.28307.960
MinimumVisualStudioVersion = 10.0.40219.1
Project("{FAE04EC0-301F-11D3-BF4B-00C04F79EFBC}") = "LibraryManagement", "LibraryManagement\LibraryManagement.csproj", "{E2A7DE04-F42F-4EFF-A18D-A7C2E9CB0164}"
EndProject
Global
	GlobalSection(SolutionConfigurationPlatforms) = preSolution
		Debug|Any CPU = Debug|Any CPU
		Release|Any CPU = Release|Any CPU
	EndGlobalSection
	GlobalSection(ProjectConfigurationPlatforms) = postSolution
		{E2A7DE04-F42F-4EFF-A18D-A7C2E9CB0164}.Debug|Any CPU.ActiveCfg = Debug|Any CPU
		{E2A7DE04-F42F-4EFF-A18D-A7C2E9CB0164}.Debug|Any CPU.Build.0 = Debug|Any CPU
		{E2A7DE04-F42F-4EFF-A18D-A7C2E9CB0164}.Release|Any CPU.ActiveCfg = Release|Any CPU
		{E2A7DE04-F42F-4EFF-A18D-A7C2E9CB0164}.Release|Any CPU.Build.0 = Release|Any CPU
	EndGlobalSection
	GlobalSection(SolutionProperties) = preSolution
		HideSolutionNode = FALSE
	EndGlobalSection
	GlobalSection(ExtensibilityGlobals) = postSolution
		SolutionGuid = {48C090E5-637E-41D8-B700-94F1D0BA1369}
	EndGlobalSection
EndGlobal
